// !$*UTF8*$!
{
	archiveVersion = 1;
	classes = {
	};
	objectVersion = 46;
	objects = {

/* Begin PBXBuildFile section */
		D4B7561F1D6DA9CF00490B34 /* main.m in Sources */ = {isa = PBXBuildFile; fileRef = D4B7561E1D6DA9CF00490B34 /* main.m */; };
		D4B756221D6DA9CF00490B34 /* AppDelegate.m in Sources */ = {isa = PBXBuildFile; fileRef = D4B756211D6DA9CF00490B34 /* AppDelegate.m */; };
		D4B756251D6DA9CF00490B34 /* ViewController.m in Sources */ = {isa = PBXBuildFile; fileRef = D4B756241D6DA9CF00490B34 /* ViewController.m */; };
		D4B7562A1D6DA9CF00490B34 /* Assets.xcassets in Resources */ = {isa = PBXBuildFile; fileRef = D4B756291D6DA9CF00490B34 /* Assets.xcassets */; };
		D4B7562D1D6DA9CF00490B34 /* LaunchScreen.storyboard in Resources */ = {isa = PBXBuildFile; fileRef = D4B7562B1D6DA9CF00490B34 /* LaunchScreen.storyboard */; };
		D4B756381D6DA9CF00490B34 /* TimerCategoryTests.m in Sources */ = {isa = PBXBuildFile; fileRef = D4B756371D6DA9CF00490B34 /* TimerCategoryTests.m */; };
		D4B756431D6DA9CF00490B34 /* TimerCategoryUITests.m in Sources */ = {isa = PBXBuildFile; fileRef = D4B756421D6DA9CF00490B34 /* TimerCategoryUITests.m */; };
		D4B756541D6DA9DC00490B34 /* NewViewController.m in Sources */ = {isa = PBXBuildFile; fileRef = D4B756511D6DA9DC00490B34 /* NewViewController.m */; };
		D4B756551D6DA9DC00490B34 /* NSTimer+WW.m in Sources */ = {isa = PBXBuildFile; fileRef = D4B756531D6DA9DC00490B34 /* NSTimer+WW.m */; };
		D4B7565A1D6DAA2500490B34 /* Main.storyboard in Resources */ = {isa = PBXBuildFile; fileRef = D4B756591D6DAA2500490B34 /* Main.storyboard */; };
/* End PBXBuildFile section */

/* Begin PBXContainerItemProxy section */
		D4B756341D6DA9CF00490B34 /* PBXContainerItemProxy */ = {
			isa = PBXContainerItemProxy;
			containerPortal = D4B756121D6DA9CF00490B34 /* Project object */;
			proxyType = 1;
			remoteGlobalIDString = D4B756191D6DA9CF00490B34;
			remoteInfo = TimerCategory;
		};
		D4B7563F1D6DA9CF00490B34 /* PBXContainerItemProxy */ = {
			isa = PBXContainerItemProxy;
			containerPortal = D4B756121D6DA9CF00490B34 /* Project object */;
			proxyType = 1;
			remoteGlobalIDString = D4B756191D6DA9CF00490B34;
			remoteInfo = TimerCategory;
		};
/* End PBXContainerItemProxy section */

/* Begin PBXFileReference section */
		D4B7561A1D6DA9CF00490B34 /* TimerCategory.app */ = {isa = PBXFileReference; explicitFileType = wrapper.application; includeInIndex = 0; path = TimerCategory.app; sourceTree = BUILT_PRODUCTS_DIR; };
		D4B7561E1D6DA9CF00490B34 /* main.m */ = {isa = PBXFileReference; lastKnownFileType = sourcecode.c.objc; path = main.m; sourceTree = "<group>"; };
		D4B756201D6DA9CF00490B34 /* AppDelegate.h */ = {isa = PBXFileReference; lastKnownFileType = sourcecode.c.h; path = AppDelegate.h; sourceTree = "<group>"; };
		D4B756211D6DA9CF00490B34 /* AppDelegate.m */ = {isa = PBXFileReference; lastKnownFileType = sourcecode.c.objc; path = AppDelegate.m; sourceTree = "<group>"; };
		D4B756231D6DA9CF00490B34 /* ViewController.h */ = {isa = PBXFileReference; lastKnownFileType = sourcecode.c.h; path = ViewController.h; sourceTree = "<group>"; };
		D4B756241D6DA9CF00490B34 /* ViewController.m */ = {isa = PBXFileReference; lastKnownFileType = sourcecode.c.objc; path = ViewController.m; sourceTree = "<group>"; };
		D4B756291D6DA9CF00490B34 /* Assets.xcassets */ = {isa = PBXFileReference; lastKnownFileType = folder.assetcatalog; path = Assets.xcassets; sourceTree = "<group>"; };
		D4B7562C1D6DA9CF00490B34 /* Base */ = {isa = PBXFileReference; lastKnownFileType = file.storyboard; name = Base; path = Base.lproj/LaunchScreen.storyboard; sourceTree = "<group>"; };
		D4B7562E1D6DA9CF00490B34 /* Info.plist */ = {isa = PBXFileReference; lastKnownFileType = text.plist.xml; path = Info.plist; sourceTree = "<group>"; };
		D4B756331D6DA9CF00490B34 /* TimerCategoryTests.xctest */ = {isa = PBXFileReference; explicitFileType = wrapper.cfbundle; includeInIndex = 0; path = TimerCategoryTests.xctest; sourceTree = BUILT_PRODUCTS_DIR; };
		D4B756371D6DA9CF00490B34 /* TimerCategoryTests.m */ = {isa = PBXFileReference; lastKnownFileType = sourcecode.c.objc; path = TimerCategoryTests.m; sourceTree = "<group>"; };
		D4B756391D6DA9CF00490B34 /* Info.plist */ = {isa = PBXFileReference; lastKnownFileType = text.plist.xml; path = Info.plist; sourceTree = "<group>"; };
		D4B7563E1D6DA9CF00490B34 /* TimerCategoryUITests.xctest */ = {isa = PBXFileReference; explicitFileType = wrapper.cfbundle; includeInIndex = 0; path = TimerCategoryUITests.xctest; sourceTree = BUILT_PRODUCTS_DIR; };
		D4B756421D6DA9CF00490B34 /* TimerCategoryUITests.m */ = {isa = PBXFileReference; lastKnownFileType = sourcecode.c.objc; path = TimerCategoryUITests.m; sourceTree = "<group>"; };
		D4B756441D6DA9CF00490B34 /* Info.plist */ = {isa = PBXFileReference; lastKnownFileType = text.plist.xml; path = Info.plist; sourceTree = "<group>"; };
		D4B756501D6DA9DC00490B34 /* NewViewController.h */ = {isa = PBXFileReference; fileEncoding = 4; lastKnownFileType = sourcecode.c.h; path = NewViewController.h; sourceTree = "<group>"; };
		D4B756511D6DA9DC00490B34 /* NewViewController.m */ = {isa = PBXFileReference; fileEncoding = 4; lastKnownFileType = sourcecode.c.objc; path = NewViewController.m; sourceTree = "<group>"; };
		D4B756521D6DA9DC00490B34 /* NSTimer+WW.h */ = {isa = PBXFileReference; fileEncoding = 4; lastKnownFileType = sourcecode.c.h; path = "NSTimer+WW.h"; sourceTree = "<group>"; };
		D4B756531D6DA9DC00490B34 /* NSTimer+WW.m */ = {isa = PBXFileReference; fileEncoding = 4; lastKnownFileType = sourcecode.c.objc; path = "NSTimer+WW.m"; sourceTree = "<group>"; };
		D4B756591D6DAA2500490B34 /* Main.storyboard */ = {isa = PBXFileReference; fileEncoding = 4; lastKnownFileType = file.storyboard; path = Main.storyboard; sourceTree = "<group>"; };
/* End PBXFileReference section */

/* Begin PBXFrameworksBuildPhase section */
		D4B756171D6DA9CF00490B34 /* Frameworks */ = {
			isa = PBXFrameworksBuildPhase;
			buildActionMask = 2147483647;
			files = (
			);
			runOnlyForDeploymentPostprocessing = 0;
		};
		D4B756301D6DA9CF00490B34 /* Frameworks */ = {
			isa = PBXFrameworksBuildPhase;
			buildActionMask = 2147483647;
			files = (
			);
			runOnlyForDeploymentPostprocessing = 0;
		};
		D4B7563B1D6DA9CF00490B34 /* Frameworks */ = {
			isa = PBXFrameworksBuildPhase;
			buildActionMask = 2147483647;
			files = (
			);
			runOnlyForDeploymentPostprocessing = 0;
		};
/* End PBXFrameworksBuildPhase section */

/* Begin PBXGroup section */
		D4B756111D6DA9CF00490B34 = {
			isa = PBXGroup;
			children = (
				D4B7561C1D6DA9CF00490B34 /* TimerCategory */,
				D4B756361D6DA9CF00490B34 /* TimerCategoryTests */,
				D4B756411D6DA9CF00490B34 /* TimerCategoryUITests */,
				D4B7561B1D6DA9CF00490B34 /* Products */,
			);
			sourceTree = "<group>";
		};
		D4B7561B1D6DA9CF00490B34 /* Products */ = {
			isa = PBXGroup;
			children = (
				D4B7561A1D6DA9CF00490B34 /* TimerCategory.app */,
				D4B756331D6DA9CF00490B34 /* TimerCategoryTests.xctest */,
				D4B7563E1D6DA9CF00490B34 /* TimerCategoryUITests.xctest */,
			);
			name = Products;
			sourceTree = "<group>";
		};
		D4B7561C1D6DA9CF00490B34 /* TimerCategory */ = {
			isa = PBXGroup;
			children = (
				D4B756201D6DA9CF00490B34 /* AppDelegate.h */,
				D4B756211D6DA9CF00490B34 /* AppDelegate.m */,
				D4B756231D6DA9CF00490B34 /* ViewController.h */,
				D4B756241D6DA9CF00490B34 /* ViewController.m */,
				D4B756501D6DA9DC00490B34 /* NewViewController.h */,
				D4B756511D6DA9DC00490B34 /* NewViewController.m */,
				D4B756521D6DA9DC00490B34 /* NSTimer+WW.h */,
				D4B756531D6DA9DC00490B34 /* NSTimer+WW.m */,
				D4B756591D6DAA2500490B34 /* Main.storyboard */,
				D4B756291D6DA9CF00490B34 /* Assets.xcassets */,
				D4B7562B1D6DA9CF00490B34 /* LaunchScreen.storyboard */,
				D4B7562E1D6DA9CF00490B34 /* Info.plist */,
				D4B7561D1D6DA9CF00490B34 /* Supporting Files */,
			);
			path = TimerCategory;
			sourceTree = "<group>";
		};
		D4B7561D1D6DA9CF00490B34 /* Supporting Files */ = {
			isa = PBXGroup;
			children = (
				D4B7561E1D6DA9CF00490B34 /* main.m */,
			);
			name = "Supporting Files";
			sourceTree = "<group>";
		};
		D4B756361D6DA9CF00490B34 /* TimerCategoryTests */ = {
			isa = PBXGroup;
			children = (
				D4B756371D6DA9CF00490B34 /* TimerCategoryTests.m */,
				D4B756391D6DA9CF00490B34 /* Info.plist */,
			);
			path = TimerCategoryTests;
			sourceTree = "<group>";
		};
		D4B756411D6DA9CF00490B34 /* TimerCategoryUITests */ = {
			isa = PBXGroup;
			children = (
				D4B756421D6DA9CF00490B34 /* TimerCategoryUITests.m */,
				D4B756441D6DA9CF00490B34 /* Info.plist */,
			);
			path = TimerCategoryUITests;
			sourceTree = "<group>";
		};
/* End PBXGroup section */

/* Begin PBXNativeTarget section */
		D4B756191D6DA9CF00490B34 /* TimerCategory */ = {
			isa = PBXNativeTarget;
			buildConfigurationList = D4B756471D6DA9CF00490B34 /* Build configuration list for PBXNativeTarget "TimerCategory" */;
			buildPhases = (
				D4B756161D6DA9CF00490B34 /* Sources */,
				D4B756171D6DA9CF00490B34 /* Frameworks */,
				D4B756181D6DA9CF00490B34 /* Resources */,
			);
			buildRules = (
			);
			dependencies = (
			);
			name = TimerCategory;
			productName = TimerCategory;
			productReference = D4B7561A1D6DA9CF00490B34 /* TimerCategory.app */;
			productType = "com.apple.product-type.application";
		};
		D4B756321D6DA9CF00490B34 /* TimerCategoryTests */ = {
			isa = PBXNativeTarget;
			buildConfigurationList = D4B7564A1D6DA9CF00490B34 /* Build configuration list for PBXNativeTarget "TimerCategoryTests" */;
			buildPhases = (
				D4B7562F1D6DA9CF00490B34 /* Sources */,
				D4B756301D6DA9CF00490B34 /* Frameworks */,
				D4B756311D6DA9CF00490B34 /* Resources */,
			);
			buildRules = (
			);
			dependencies = (
				D4B756351D6DA9CF00490B34 /* PBXTargetDependency */,
			);
			name = TimerCategoryTests;
			productName = TimerCategoryTests;
			productReference = D4B756331D6DA9CF00490B34 /* TimerCategoryTests.xctest */;
			productType = "com.apple.product-type.bundle.unit-test";
		};
		D4B7563D1D6DA9CF00490B34 /* TimerCategoryUITests */ = {
			isa = PBXNativeTarget;
			buildConfigurationList = D4B7564D1D6DA9CF00490B34 /* Build configuration list for PBXNativeTarget "TimerCategoryUITests" */;
			buildPhases = (
				D4B7563A1D6DA9CF00490B34 /* Sources */,
				D4B7563B1D6DA9CF00490B34 /* Frameworks */,
				D4B7563C1D6DA9CF00490B34 /* Resources */,
			);
			buildRules = (
			);
			dependencies = (
				D4B756401D6DA9CF00490B34 /* PBXTargetDependency */,
			);
			name = TimerCategoryUITests;
			productName = TimerCategoryUITests;
			productReference = D4B7563E1D6DA9CF00490B34 /* TimerCategoryUITests.xctest */;
			productType = "com.apple.product-type.bundle.ui-testing";
		};
/* End PBXNativeTarget section */

/* Begin PBXProject section */
		D4B756121D6DA9CF00490B34 /* Project object */ = {
			isa = PBXProject;
			attributes = {
				LastUpgradeCheck = 0720;
				ORGANIZATIONNAME = WW;
				TargetAttributes = {
					D4B756191D6DA9CF00490B34 = {
						CreatedOnToolsVersion = 7.2.1;
					};
					D4B756321D6DA9CF00490B34 = {
						CreatedOnToolsVersion = 7.2.1;
						TestTargetID = D4B756191D6DA9CF00490B34;
					};
					D4B7563D1D6DA9CF00490B34 = {
						CreatedOnToolsVersion = 7.2.1;
						TestTargetID = D4B756191D6DA9CF00490B34;
					};
				};
			};
			buildConfigurationList = D4B756151D6DA9CF00490B34 /* Build configuration list for PBXProject "TimerCategory" */;
			compatibilityVersion = "Xcode 3.2";
			developmentRegion = English;
			hasScannedForEncodings = 0;
			knownRegions = (
				en,
				Base,
			);
			mainGroup = D4B756111D6DA9CF00490B34;
			productRefGroup = D4B7561B1D6DA9CF00490B34 /* Products */;
			projectDirPath = "";
			projectRoot = "";
			targets = (
				D4B756191D6DA9CF00490B34 /* TimerCategory */,
				D4B756321D6DA9CF00490B34 /* TimerCategoryTests */,
				D4B7563D1D6DA9CF00490B34 /* TimerCategoryUITests */,
			);
		};
/* End PBXProject section */

/* Begin PBXResourcesBuildPhase section */
		D4B756181D6DA9CF00490B34 /* Resources */ = {
			isa = PBXResourcesBuildPhase;
			buildActionMask = 2147483647;
			files = (
				D4B7565A1D6DAA2500490B34 /* Main.storyboard in Resources */,
				D4B7562D1D6DA9CF00490B34 /* LaunchScreen.storyboard in Resources */,
				D4B7562A1D6DA9CF00490B34 /* Assets.xcassets in Resources */,
			);
			runOnlyForDeploymentPostprocessing = 0;
		};
		D4B756311D6DA9CF00490B34 /* Resources */ = {
			isa = PBXResourcesBuildPhase;
			buildActionMask = 2147483647;
			files = (
			);
			runOnlyForDeploymentPostprocessing = 0;
		};
		D4B7563C1D6DA9CF00490B34 /* Resources */ = {
			isa = PBXResourcesBuildPhase;
			buildActionMask = 2147483647;
			files = (
			);
			runOnlyForDeploymentPostprocessing = 0;
		};
/* End PBXResourcesBuildPhase section */

/* Begin PBXSourcesBuildPhase section */
		D4B756161D6DA9CF00490B34 /* Sources */ = {
			isa = PBXSourcesBuildPhase;
			buildActionMask = 2147483647;
			files = (
				D4B756251D6DA9CF00490B34 /* ViewController.m in Sources */,
				D4B756221D6DA9CF00490B34 /* AppDelegate.m in Sources */,
				D4B756551D6DA9DC00490B34 /* NSTimer+WW.m in Sources */,
				D4B7561F1D6DA9CF00490B34 /* main.m in Sources */,
				D4B756541D6DA9DC00490B34 /* NewViewController.m in Sources */,
			);
			runOnlyForDeploymentPostprocessing = 0;
		};
		D4B7562F1D6DA9CF00490B34 /* Sources */ = {
			isa = PBXSourcesBuildPhase;
			buildActionMask = 2147483647;
			files = (
				D4B756381D6DA9CF00490B34 /* TimerCategoryTests.m in Sources */,
			);
			runOnlyForDeploymentPostprocessing = 0;
		};
		D4B7563A1D6DA9CF00490B34 /* Sources */ = {
			isa = PBXSourcesBuildPhase;
			buildActionMask = 2147483647;
			files = (
				D4B756431D6DA9CF00490B34 /* TimerCategoryUITests.m in Sources */,
			);
			runOnlyForDeploymentPostprocessing = 0;
		};
/* End PBXSourcesBuildPhase section */

/* Begin PBXTargetDependency section */
		D4B756351D6DA9CF00490B34 /* PBXTargetDependency */ = {
			isa = PBXTargetDependency;
			target = D4B756191D6DA9CF00490B34 /* TimerCategory */;
			targetProxy = D4B756341D6DA9CF00490B34 /* PBXContainerItemProxy */;
		};
		D4B756401D6DA9CF00490B34 /* PBXTargetDependency */ = {
			isa = PBXTargetDependency;
			target = D4B756191D6DA9CF00490B34 /* TimerCategory */;
			targetProxy = D4B7563F1D6DA9CF00490B34 /* PBXContainerItemProxy */;
		};
/* End PBXTargetDependency section */

/* Begin PBXVariantGroup section */
		D4B7562B1D6DA9CF00490B34 /* LaunchScreen.storyboard */ = {
			isa = PBXVariantGroup;
			children = (
				D4B7562C1D6DA9CF00490B34 /* Base */,
			);
			name = LaunchScreen.storyboard;
			sourceTree = "<group>";
		};
/* End PBXVariantGroup section */

/* Begin XCBuildConfiguration section */
		D4B756451D6DA9CF00490B34 /* Debug */ = {
			isa = XCBuildConfiguration;
			buildSettings = {
				ALWAYS_SEARCH_USER_PATHS = NO;
				CLANG_CXX_LANGUAGE_STANDARD = "gnu++0x";
				CLANG_CXX_LIBRARY = "libc++";
				CLANG_ENABLE_MODULES = YES;
				CLANG_ENABLE_OBJC_ARC = YES;
				CLANG_WARN_BOOL_CONVERSION = YES;
				CLANG_WARN_CONSTANT_CONVERSION = YES;
				CLANG_WARN_DIRECT_OBJC_ISA_USAGE = YES_ERROR;
				CLANG_WARN_EMPTY_BODY = YES;
				CLANG_WARN_ENUM_CONVERSION = YES;
				CLANG_WARN_INT_CONVERSION = YES;
				CLANG_WARN_OBJC_ROOT_CLASS = YES_ERROR;
				CLANG_WARN_UNREACHABLE_CODE = YES;
				CLANG_WARN__DUPLICATE_METHOD_MATCH = YES;
				"CODE_SIGN_IDENTITY[sdk=iphoneos*]" = "iPhone Developer";
				COPY_PHASE_STRIP = NO;
				DEBUG_INFORMATION_FORMAT = dwarf;
				ENABLE_STRICT_OBJC_MSGSEND = YES;
				ENABLE_TESTABILITY = YES;
				GCC_C_LANGUAGE_STANDARD = gnu99;
				GCC_DYNAMIC_NO_PIC = NO;
				GCC_NO_COMMON_BLOCKS = YES;
				GCC_OPTIMIZATION_LEVEL = 0;
				GCC_PREPROCESSOR_DEFINITIONS = (
					"DEBUG=1",
					"$(inherited)",
				);
				GCC_WARN_64_TO_32_BIT_CONVERSION = YES;
				GCC_WARN_ABOUT_RETURN_TYPE = YES_ERROR;
				GCC_WARN_UNDECLARED_SELECTOR = YES;
				GCC_WARN_UNINITIALIZED_AUTOS = YES_AGGRESSIVE;
				GCC_WARN_UNUSED_FUNCTION = YES;
				GCC_WARN_UNUSED_VARIABLE = YES;
				IPHONEOS_DEPLOYMENT_TARGET = 9.2;
				MTL_ENABLE_DEBUG_INFO = YES;
				ONLY_ACTIVE_ARCH = YES;
				SDKROOT = iphoneos;
				TARGETED_DEVICE_FAMILY = "1,2";
			};
			name = Debug;
		};
		D4B756461D6DA9CF00490B34 /* Release */ = {
			isa = XCBuildConfiguration;
			buildSettings = {
				ALWAYS_SEARCH_USER_PATHS = NO;
				CLANG_CXX_LANGUAGE_STANDARD = "gnu++0x";
				CLANG_CXX_LIBRARY = "libc++";
				CLANG_ENABLE_MODULES = YES;
				CLANG_ENABLE_OBJC_ARC = YES;
				CLANG_WARN_BOOL_CONVERSION = YES;
				CLANG_WARN_CONSTANT_CONVERSION = YES;
				CLANG_WARN_DIRECT_OBJC_ISA_USAGE = YES_ERROR;
				CLANG_WARN_EMPTY_BODY = YES;
				CLANG_WARN_ENUM_CONVERSION = YES;
				CLANG_WARN_INT_CONVERSION = YES;
				CLANG_WARN_OBJC_ROOT_CLASS = YES_ERROR;
				CLANG_WARN_UNREACHABLE_CODE = YES;
				CLANG_WARN__DUPLICATE_METHOD_MATCH = YES;
				"CODE_SIGN_IDENTITY[sdk=iphoneos*]" = "iPhone Developer";
				COPY_PHASE_STRIP = NO;
				DEBUG_INFORMATION_FORMAT = "dwarf-with-dsym";
				ENABLE_NS_ASSERTIONS = NO;
				ENABLE_STRICT_OBJC_MSGSEND = YES;
				GCC_C_LANGUAGE_STANDARD = gnu99;
				GCC_NO_COMMON_BLOCKS = YES;
				GCC_WARN_64_TO_32_BIT_CONVERSION = YES;
				GCC_WARN_ABOUT_RETURN_TYPE = YES_ERROR;
				GCC_WARN_UNDECLARED_SELECTOR = YES;
				GCC_WARN_UNINITIALIZED_AUTOS = YES_AGGRESSIVE;
				GCC_WARN_UNUSED_FUNCTION = YES;
				GCC_WARN_UNUSED_VARIABLE = YES;
				IPHONEOS_DEPLOYMENT_TARGET = 9.2;
				MTL_ENABLE_DEBUG_INFO = NO;
				SDKROOT = iphoneos;
				TARGETED_DEVICE_FAMILY = "1,2";
				VALIDATE_PRODUCT = YES;
			};
			name = Release;
		};
		D4B756481D6DA9CF00490B34 /* Debug */ = {
			isa = XCBuildConfiguration;
			buildSettings = {
				ASSETCATALOG_COMPILER_APPICON_NAME = AppIcon;
				INFOPLIST_FILE = TimerCategory/Info.plist;
				LD_RUNPATH_SEARCH_PATHS = "$(inherited) @executable_path/Frameworks";
				PRODUCT_BUNDLE_IDENTIFIER = chaoyue3116.TimerCategory;
				PRODUCT_NAME = "$(TARGET_NAME)";
			};
			name = Debug;
		};
		D4B756491D6DA9CF00490B34 /* Release */ = {
			isa = XCBuildConfiguration;
			buildSettings = {
				ASSETCATALOG_COMPILER_APPICON_NAME = AppIcon;
				INFOPLIST_FILE = TimerCategory/Info.plist;
				LD_RUNPATH_SEARCH_PATHS = "$(inherited) @executable_path/Frameworks";
				PRODUCT_BUNDLE_IDENTIFIER = chaoyue3116.TimerCategory;
				PRODUCT_NAME = "$(TARGET_NAME)";
			};
			name = Release;
		};
		D4B7564B1D6DA9CF00490B34 /* Debug */ = {
			isa = XCBuildConfiguration;
			buildSettings = {
				BUNDLE_LOADER = "$(TEST_HOST)";
				INFOPLIST_FILE = TimerCategoryTests/Info.plist;
				LD_RUNPATH_SEARCH_PATHS = "$(inherited) @executable_path/Frameworks @loader_path/Frameworks";
				PRODUCT_BUNDLE_IDENTIFIER = chaoyue3116.TimerCategoryTests;
				PRODUCT_NAME = "$(TARGET_NAME)";
				TEST_HOST = "$(BUILT_PRODUCTS_DIR)/TimerCategory.app/TimerCategory";
			};
			name = Debug;
		};
		D4B7564C1D6DA9CF00490B34 /* Release */ = {
			isa = XCBuildConfiguration;
			buildSettings = {
				BUNDLE_LOADER = "$(TEST_HOST)";
				INFOPLIST_FILE = TimerCategoryTests/Info.plist;
				LD_RUNPATH_SEARCH_PATHS = "$(inherited) @executable_path/Frameworks @loader_path/Frameworks";
				PRODUCT_BUNDLE_IDENTIFIER = chaoyue3116.TimerCategoryTests;
				PRODUCT_NAME = "$(TARGET_NAME)";
				TEST_HOST = "$(BUILT_PRODUCTS_DIR)/TimerCategory.app/TimerCategory";
			};
			name = Release;
		};
		D4B7564E1D6DA9CF00490B34 /* Debug */ = {
			isa = XCBuildConfiguration;
			buildSettings = {
				INFOPLIST_FILE = TimerCategoryUITests/Info.plist;
				LD_RUNPATH_SEARCH_PATHS = "$(inherited) @executable_path/Frameworks @loader_path/Frameworks";
				PRODUCT_BUNDLE_IDENTIFIER = chaoyue3116.TimerCategoryUITests;
				PRODUCT_NAME = "$(TARGET_NAME)";
				TEST_TARGET_NAME = TimerCategory;
				USES_XCTRUNNER = YES;
			};
			name = Debug;
		};
		D4B7564F1D6DA9CF00490B34 /* Release */ = {
			isa = XCBuildConfiguration;
			buildSettings = {
				INFOPLIST_FILE = TimerCategoryUITests/Info.plist;
				LD_RUNPATH_SEARCH_PATHS = "$(inherited) @executable_path/Frameworks @loader_path/Frameworks";
				PRODUCT_BUNDLE_IDENTIFIER = chaoyue3116.TimerCategoryUITests;
				PRODUCT_NAME = "$(TARGET_NAME)";
				TEST_TARGET_NAME = TimerCategory;
				USES_XCTRUNNER = YES;
			};
			name = Release;
		};
/* End XCBuildConfiguration section */

/* Begin XCConfigurationList section */
		D4B756151D6DA9CF00490B34 /* Build configuration list for PBXProject "TimerCategory" */ = {
			isa = XCConfigurationList;
			buildConfigurations = (
				D4B756451D6DA9CF00490B34 /* Debug */,
				D4B756461D6DA9CF00490B34 /* Release */,
			);
			defaultConfigurationIsVisible = 0;
			defaultConfigurationName = Release;
		};
		D4B756471D6DA9CF00490B34 /* Build configuration list for PBXNativeTarget "TimerCategory" */ = {
			isa = XCConfigurationList;
			buildConfigurations = (
				D4B756481D6DA9CF00490B34 /* Debug */,
				D4B756491D6DA9CF00490B34 /* Release */,
			);
			defaultConfigurationIsVisible = 0;
		};
		D4B7564A1D6DA9CF00490B34 /* Build configuration list for PBXNativeTarget "TimerCategoryTests" */ = {
			isa = XCConfigurationList;
			buildConfigurations = (
				D4B7564B1D6DA9CF00490B34 /* Debug */,
				D4B7564C1D6DA9CF00490B34 /* Release */,
			);
			defaultConfigurationIsVisible = 0;
		};
		D4B7564D1D6DA9CF00490B34 /* Build configuration list for PBXNativeTarget "TimerCategoryUITests" */ = {
			isa = XCConfigurationList;
			buildConfigurations = (
				D4B7564E1D6DA9CF00490B34 /* Debug */,
				D4B7564F1D6DA9CF00490B34 /* Release */,
			);
			defaultConfigurationIsVisible = 0;
		};
/* End XCConfigurationList section */
	};
	rootObject = D4B756121D6DA9CF00490B34 /* Project object */;
}
